
Microsoft Visual Studio Solution File, Format Version 12.00
# Visual Studio 15
VisualStudioVersion = 15.0.28307.271
MinimumVisualStudioVersion = 10.0.40219.1
Project("{FAE04EC0-301F-11D3-BF4B-00C04F79EFBC}") = "SampleTestApp", "SampleTestApp\SampleTestApp.csproj", "{CFB7CA28-06EE-4E51-B2EF-46670B35ADA4}"
EndProject
Global
	GlobalSection(SolutionConfigurationPlatforms) = preSolution
		Debug|Any CPU = Debug|Any CPU
		Release|Any CPU = Release|Any CPU
	EndGlobalSection
	GlobalSection(ProjectConfigurationPlatforms) = postSolution
		{CFB7CA28-06EE-4E51-B2EF-46670B35ADA4}.Debug|Any CPU.ActiveCfg = Debug|Any CPU
		{CFB7CA28-06EE-4E51-B2EF-46670B35ADA4}.Debug|Any CPU.Build.0 = Debug|Any CPU
		{CFB7CA28-06EE-4E51-B2EF-46670B35ADA4}.Release|Any CPU.ActiveCfg = Release|Any CPU
		{CFB7CA28-06EE-4E51-B2EF-46670B35ADA4}.Release|Any CPU.Build.0 = Release|Any CPU
	EndGlobalSection
	GlobalSection(SolutionProperties) = preSolution
		HideSolutionNode = FALSE
	EndGlobalSection
	GlobalSection(ExtensibilityGlobals) = postSolution
		SolutionGuid = {8D91E8DA-9A79-41F5-99FB-3CD58E483F2C}
	EndGlobalSection
EndGlobal
